
Microsoft Visual Studio Solution File, Format Version 12.00
# Visual Studio Version 17
VisualStudioVersion = 17.5.33424.131
MinimumVisualStudioVersion = 10.0.40219.1
Project("{2150E333-8FDC-42A3-9474-1A3956D46DE8}") = "SM-Post", "SM-Post", "{F75B455A-C07E-4410-BB91-3C0AA54F34EB}"
EndProject
Project("{2150E333-8FDC-42A3-9474-1A3956D46DE8}") = "CQRS-ES", "CQRS-ES", "{DB8C8774-1B82-4BD3-936B-A0A316AE36D0}"
EndProject
Project("{FAE04EC0-301F-11D3-BF4B-00C04F79EFBC}") = "CQRS.Core", "CQRS-ES\CQRS.Core\CQRS.Core.csproj", "{8FFDDF03-1D5B-48F0-8D8E-AD89E2336F0C}"
EndProject
Project("{2150E333-8FDC-42A3-9474-1A3956D46DE8}") = "Post.Cmd", "Post.Cmd", "{9BDBE208-8DDD-47B8-BCA5-9A6B5CF1AE4D}"
EndProject
Project("{FAE04EC0-301F-11D3-BF4B-00C04F79EFBC}") = "Post.Cmd.API", "SM-Post\Post.Cmd\Post.Cmd.API\Post.Cmd.API.csproj", "{43AB3DD7-E7C9-46D3-884D-5B7628CA10F0}"
EndProject
Project("{2150E333-8FDC-42A3-9474-1A3956D46DE8}") = "Post.Query", "Post.Query", "{D3B6AE45-E45C-47F3-82E5-9196978C1DE4}"
EndProject
Project("{FAE04EC0-301F-11D3-BF4B-00C04F79EFBC}") = "Post.Cmd.Domain", "SM-Post\Post.Cmd\Post.Cmd.Domain\Post.Cmd.Domain.csproj", "{CA5D83B5-C395-44A5-B3E1-D7AB59CF1D3A}"
EndProject
Project("{FAE04EC0-301F-11D3-BF4B-00C04F79EFBC}") = "Post.Cmd.Infrastructure", "SM-Post\Post.Cmd\Post.Cmd.Infrastructure\Post.Cmd.Infrastructure.csproj", "{6B4BFE32-C560-45B3-A96C-D68E512C6150}"
EndProject
Project("{FAE04EC0-301F-11D3-BF4B-00C04F79EFBC}") = "Post.Query.API", "SM-Post\Post.Query\Post.Query.API\Post.Query.API.csproj", "{670D0AD2-6347-455B-9186-55B7DC00C2C1}"
EndProject
Project("{FAE04EC0-301F-11D3-BF4B-00C04F79EFBC}") = "Post.Query.Domain", "SM-Post\Post.Query\Post.Query.Domain\Post.Query.Domain.csproj", "{2F00D98D-6208-438D-9BA7-F95855C3319B}"
EndProject
Project("{FAE04EC0-301F-11D3-BF4B-00C04F79EFBC}") = "Post.Query.Infrastructure", "SM-Post\Post.Query\Post.Query.Infrastructure\Post.Query.Infrastructure.csproj", "{1284AEEE-6EB8-46A4-9D60-69081794E836}"
EndProject
Project("{FAE04EC0-301F-11D3-BF4B-00C04F79EFBC}") = "Post.Common", "SM-Post\Post.Common\Post.Common.csproj", "{E4C16C2E-F02A-4332-9C64-13AE8C81508D}"
EndProject
Global
	GlobalSection(SolutionConfigurationPlatforms) = preSolution
		Debug|Any CPU = Debug|Any CPU
		Release|Any CPU = Release|Any CPU
	EndGlobalSection
	GlobalSection(ProjectConfigurationPlatforms) = postSolution
		{8FFDDF03-1D5B-48F0-8D8E-AD89E2336F0C}.Debug|Any CPU.ActiveCfg = Debug|Any CPU
		{8FFDDF03-1D5B-48F0-8D8E-AD89E2336F0C}.Debug|Any CPU.Build.0 = Debug|Any CPU
		{8FFDDF03-1D5B-48F0-8D8E-AD89E2336F0C}.Release|Any CPU.ActiveCfg = Release|Any CPU
		{8FFDDF03-1D5B-48F0-8D8E-AD89E2336F0C}.Release|Any CPU.Build.0 = Release|Any CPU
		{43AB3DD7-E7C9-46D3-884D-5B7628CA10F0}.Debug|Any CPU.ActiveCfg = Debug|Any CPU
		{43AB3DD7-E7C9-46D3-884D-5B7628CA10F0}.Debug|Any CPU.Build.0 = Debug|Any CPU
		{43AB3DD7-E7C9-46D3-884D-5B7628CA10F0}.Release|Any CPU.ActiveCfg = Release|Any CPU
		{43AB3DD7-E7C9-46D3-884D-5B7628CA10F0}.Release|Any CPU.Build.0 = Release|Any CPU
		{CA5D83B5-C395-44A5-B3E1-D7AB59CF1D3A}.Debug|Any CPU.ActiveCfg = Debug|Any CPU
		{CA5D83B5-C395-44A5-B3E1-D7AB59CF1D3A}.Debug|Any CPU.Build.0 = Debug|Any CPU
		{CA5D83B5-C395-44A5-B3E1-D7AB59CF1D3A}.Release|Any CPU.ActiveCfg = Release|Any CPU
		{CA5D83B5-C395-44A5-B3E1-D7AB59CF1D3A}.Release|Any CPU.Build.0 = Release|Any CPU
		{6B4BFE32-C560-45B3-A96C-D68E512C6150}.Debug|Any CPU.ActiveCfg = Debug|Any CPU
		{6B4BFE32-C560-45B3-A96C-D68E512C6150}.Debug|Any CPU.Build.0 = Debug|Any CPU
		{6B4BFE32-C560-45B3-A96C-D68E512C6150}.Release|Any CPU.ActiveCfg = Release|Any CPU
		{6B4BFE32-C560-45B3-A96C-D68E512C6150}.Release|Any CPU.Build.0 = Release|Any CPU
		{670D0AD2-6347-455B-9186-55B7DC00C2C1}.Debug|Any CPU.ActiveCfg = Debug|Any CPU
		{670D0AD2-6347-455B-9186-55B7DC00C2C1}.Debug|Any CPU.Build.0 = Debug|Any CPU
		{670D0AD2-6347-455B-9186-55B7DC00C2C1}.Release|Any CPU.ActiveCfg = Release|Any CPU
		{670D0AD2-6347-455B-9186-55B7DC00C2C1}.Release|Any CPU.Build.0 = Release|Any CPU
		{2F00D98D-6208-438D-9BA7-F95855C3319B}.Debug|Any CPU.ActiveCfg = Debug|Any CPU
		{2F00D98D-6208-438D-9BA7-F95855C3319B}.Debug|Any CPU.Build.0 = Debug|Any CPU
		{2F00D98D-6208-438D-9BA7-F95855C3319B}.Release|Any CPU.ActiveCfg = Release|Any CPU
		{2F00D98D-6208-438D-9BA7-F95855C3319B}.Release|Any CPU.Build.0 = Release|Any CPU
		{1284AEEE-6EB8-46A4-9D60-69081794E836}.Debug|Any CPU.ActiveCfg = Debug|Any CPU
		{1284AEEE-6EB8-46A4-9D60-69081794E836}.Debug|Any CPU.Build.0 = Debug|Any CPU
		{1284AEEE-6EB8-46A4-9D60-69081794E836}.Release|Any CPU.ActiveCfg = Release|Any CPU
		{1284AEEE-6EB8-46A4-9D60-69081794E836}.Release|Any CPU.Build.0 = Release|Any CPU
		{E4C16C2E-F02A-4332-9C64-13AE8C81508D}.Debug|Any CPU.ActiveCfg = Debug|Any CPU
		{E4C16C2E-F02A-4332-9C64-13AE8C81508D}.Debug|Any CPU.Build.0 = Debug|Any CPU
		{E4C16C2E-F02A-4332-9C64-13AE8C81508D}.Release|Any CPU.ActiveCfg = Release|Any CPU
		{E4C16C2E-F02A-4332-9C64-13AE8C81508D}.Release|Any CPU.Build.0 = Release|Any CPU
	EndGlobalSection
	GlobalSection(SolutionProperties) = preSolution
		HideSolutionNode = FALSE
	EndGlobalSection
	GlobalSection(NestedProjects) = preSolution
		{8FFDDF03-1D5B-48F0-8D8E-AD89E2336F0C} = {DB8C8774-1B82-4BD3-936B-A0A316AE36D0}
		{9BDBE208-8DDD-47B8-BCA5-9A6B5CF1AE4D} = {F75B455A-C07E-4410-BB91-3C0AA54F34EB}
		{43AB3DD7-E7C9-46D3-884D-5B7628CA10F0} = {9BDBE208-8DDD-47B8-BCA5-9A6B5CF1AE4D}
		{D3B6AE45-E45C-47F3-82E5-9196978C1DE4} = {F75B455A-C07E-4410-BB91-3C0AA54F34EB}
		{CA5D83B5-C395-44A5-B3E1-D7AB59CF1D3A} = {9BDBE208-8DDD-47B8-BCA5-9A6B5CF1AE4D}
		{6B4BFE32-C560-45B3-A96C-D68E512C6150} = {9BDBE208-8DDD-47B8-BCA5-9A6B5CF1AE4D}
		{670D0AD2-6347-455B-9186-55B7DC00C2C1} = {D3B6AE45-E45C-47F3-82E5-9196978C1DE4}
		{2F00D98D-6208-438D-9BA7-F95855C3319B} = {D3B6AE45-E45C-47F3-82E5-9196978C1DE4}
		{1284AEEE-6EB8-46A4-9D60-69081794E836} = {D3B6AE45-E45C-47F3-82E5-9196978C1DE4}
		{E4C16C2E-F02A-4332-9C64-13AE8C81508D} = {F75B455A-C07E-4410-BB91-3C0AA54F34EB}
	EndGlobalSection
	GlobalSection(ExtensibilityGlobals) = postSolution
		SolutionGuid = {5D85DD2A-E9EE-4F1E-9AD4-32A8268F4505}
	EndGlobalSection
EndGlobal
